// !$*UTF8*$!
{
	archiveVersion = 1;
	classes = {
	};
	objectVersion = 50;
	objects = {

/* Begin PBXBuildFile section */
		C20B1679263B791900CA48D7 /* libImGUISDL.dylib in CopyFiles */ = {isa = PBXBuildFile; fileRef = C2B16D22263A518900F7BFFB /* libImGUISDL.dylib */; };
		C20B1680263B7CFC00CA48D7 /* UI.cpp in Sources */ = {isa = PBXBuildFile; fileRef = C20B167E263B7CFC00CA48D7 /* UI.cpp */; };
		C22A113525BFCA9700113500 /* UserInputGameLoop.cpp in Sources */ = {isa = PBXBuildFile; fileRef = C22A113325BFCA9700113500 /* UserInputGameLoop.cpp */; };
		C236EAB025D252B700ADFCDE /* Player.cpp in Sources */ = {isa = PBXBuildFile; fileRef = C236EAAE25D252B700ADFCDE /* Player.cpp */; };
		C260903625C5D1E700647596 /* Boundaries.cpp in Sources */ = {isa = PBXBuildFile; fileRef = C260903425C5D1E700647596 /* Boundaries.cpp */; };
		C260903C25C5D54A00647596 /* Player.cpp in Sources */ = {isa = PBXBuildFile; fileRef = C260903A25C5D54A00647596 /* Player.cpp */; };
		C260904125C5D8D300647596 /* AbsoluteMap.cpp in Sources */ = {isa = PBXBuildFile; fileRef = C260903F25C5D8D300647596 /* AbsoluteMap.cpp */; };
		C260904625C5DB8B00647596 /* Wall.cpp in Sources */ = {isa = PBXBuildFile; fileRef = C260904425C5DB8B00647596 /* Wall.cpp */; };
		C26A3ED625C7BDF300D6546B /* TransformedMap.cpp in Sources */ = {isa = PBXBuildFile; fileRef = C26A3ED425C7BDF300D6546B /* TransformedMap.cpp */; };
		C291D9D5260D890F0019872B /* MapSprite.cpp in Sources */ = {isa = PBXBuildFile; fileRef = C291D9D3260D890F0019872B /* MapSprite.cpp */; };
		C2ADA520263A3E08006496CF /* RenderGraphics.cpp in Sources */ = {isa = PBXBuildFile; fileRef = C2ADA51E263A3E08006496CF /* RenderGraphics.cpp */; };
		C2B16D23263A518900F7BFFB /* libImGUISDL.dylib in Frameworks */ = {isa = PBXBuildFile; fileRef = C2B16D22263A518900F7BFFB /* libImGUISDL.dylib */; };
		C2CA869E25D3979500264EA4 /* Sector.cpp in Sources */ = {isa = PBXBuildFile; fileRef = C2CA869C25D3979500264EA4 /* Sector.cpp */; };
		C2CABE3225CBB0AE00DA1B6A /* PerspectiveTransformedMap.cpp in Sources */ = {isa = PBXBuildFile; fileRef = C2CABE3025CBB0AE00DA1B6A /* PerspectiveTransformedMap.cpp */; };
		C2DDB0E525BCF45400BB5E41 /* main.cpp in Sources */ = {isa = PBXBuildFile; fileRef = C2DDB0E425BCF45400BB5E41 /* main.cpp */; };
		C2DDB0F025BCF62B00BB5E41 /* SDL2.framework in Frameworks */ = {isa = PBXBuildFile; fileRef = C2DDB0EF25BCF62B00BB5E41 /* SDL2.framework */; };
		C2DDB0F725BCF83700BB5E41 /* Window.cpp in Sources */ = {isa = PBXBuildFile; fileRef = C2DDB0F525BCF83700BB5E41 /* Window.cpp */; };
		C2DDB0FD25BCFC5B00BB5E41 /* Color.cpp in Sources */ = {isa = PBXBuildFile; fileRef = C2DDB0FC25BCFC5B00BB5E41 /* Color.cpp */; };
		C2DDB10525BD0A5400BB5E41 /* SurfaceGraphics.cpp in Sources */ = {isa = PBXBuildFile; fileRef = C2DDB10325BD0A5400BB5E41 /* SurfaceGraphics.cpp */; };
		C2EB2B63263CD38100CEDE89 /* PollingGameLoop.cpp in Sources */ = {isa = PBXBuildFile; fileRef = C2EB2B61263CD38100CEDE89 /* PollingGameLoop.cpp */; };
		C2FE96B025D23BFA0026F309 /* Loader.cpp in Sources */ = {isa = PBXBuildFile; fileRef = C2FE96AE25D23BFA0026F309 /* Loader.cpp */; };
		C2FE96B725D23C2D0026F309 /* map-clear.txt in CopyFiles */ = {isa = PBXBuildFile; fileRef = C2FE96B325D23C1E0026F309 /* map-clear.txt */; };
		C2FE96BC25D249590026F309 /* Vector.cpp in Sources */ = {isa = PBXBuildFile; fileRef = C2FE96BA25D249590026F309 /* Vector.cpp */; };
/* End PBXBuildFile section */

/* Begin PBXCopyFilesBuildPhase section */
		C20B1677263B781F00CA48D7 /* CopyFiles */ = {
			isa = PBXCopyFilesBuildPhase;
			buildActionMask = 2147483647;
			dstPath = /usr/local/lib;
			dstSubfolderSpec = 0;
			files = (
				C20B1679263B791900CA48D7 /* libImGUISDL.dylib in CopyFiles */,
			);
			runOnlyForDeploymentPostprocessing = 0;
		};
		C2DDB0DF25BCF45400BB5E41 /* CopyFiles */ = {
			isa = PBXCopyFilesBuildPhase;
			buildActionMask = 12;
			dstPath = "";
			dstSubfolderSpec = 16;
			files = (
				C2FE96B725D23C2D0026F309 /* map-clear.txt in CopyFiles */,
			);
			runOnlyForDeploymentPostprocessing = 0;
		};
/* End PBXCopyFilesBuildPhase section */

/* Begin PBXFileReference section */
		C20B167E263B7CFC00CA48D7 /* UI.cpp */ = {isa = PBXFileReference; lastKnownFileType = sourcecode.cpp.cpp; path = UI.cpp; sourceTree = "<group>"; };
		C20B167F263B7CFC00CA48D7 /* UI.h */ = {isa = PBXFileReference; lastKnownFileType = sourcecode.c.h; path = UI.h; sourceTree = "<group>"; };
		C2189230263CCE5700705209 /* GameLoop.h */ = {isa = PBXFileReference; lastKnownFileType = sourcecode.c.h; path = GameLoop.h; sourceTree = "<group>"; };
		C22A113325BFCA9700113500 /* UserInputGameLoop.cpp */ = {isa = PBXFileReference; lastKnownFileType = sourcecode.cpp.cpp; path = UserInputGameLoop.cpp; sourceTree = "<group>"; };
		C22A113425BFCA9700113500 /* UserInputGameLoop.h */ = {isa = PBXFileReference; lastKnownFileType = sourcecode.c.h; path = UserInputGameLoop.h; sourceTree = "<group>"; };
		C22D12EB25C2648D00DA268C /* Keyboard.h */ = {isa = PBXFileReference; lastKnownFileType = sourcecode.c.h; path = Keyboard.h; sourceTree = "<group>"; };
		C22D12ED25C2656000DA268C /* Mouse.h */ = {isa = PBXFileReference; lastKnownFileType = sourcecode.c.h; path = Mouse.h; sourceTree = "<group>"; };
		C22D12EF25C265A800DA268C /* Sprite.h */ = {isa = PBXFileReference; lastKnownFileType = sourcecode.c.h; path = Sprite.h; sourceTree = "<group>"; };
		C236EAAE25D252B700ADFCDE /* Player.cpp */ = {isa = PBXFileReference; lastKnownFileType = sourcecode.cpp.cpp; path = Player.cpp; sourceTree = "<group>"; };
		C236EAAF25D252B700ADFCDE /* Player.h */ = {isa = PBXFileReference; lastKnownFileType = sourcecode.c.h; path = Player.h; sourceTree = "<group>"; };
		C24B678D25D4E1390021737F /* Constants.h */ = {isa = PBXFileReference; lastKnownFileType = sourcecode.c.h; path = Constants.h; sourceTree = "<group>"; };
		C24B678F25D4E4B60021737F /* Math.h */ = {isa = PBXFileReference; lastKnownFileType = sourcecode.c.h; path = Math.h; sourceTree = "<group>"; };
		C2596627268D666E00BD03C1 /* CQueue.h */ = {isa = PBXFileReference; lastKnownFileType = sourcecode.c.h; path = CQueue.h; sourceTree = "<group>"; };
		C260903425C5D1E700647596 /* Boundaries.cpp */ = {isa = PBXFileReference; lastKnownFileType = sourcecode.cpp.cpp; path = Boundaries.cpp; sourceTree = "<group>"; };
		C260903525C5D1E700647596 /* Boundaries.h */ = {isa = PBXFileReference; lastKnownFileType = sourcecode.c.h; path = Boundaries.h; sourceTree = "<group>"; };
		C260903A25C5D54A00647596 /* Player.cpp */ = {isa = PBXFileReference; lastKnownFileType = sourcecode.cpp.cpp; path = Player.cpp; sourceTree = "<group>"; };
		C260903B25C5D54A00647596 /* Player.h */ = {isa = PBXFileReference; lastKnownFileType = sourcecode.c.h; path = Player.h; sourceTree = "<group>"; };
		C260903F25C5D8D300647596 /* AbsoluteMap.cpp */ = {isa = PBXFileReference; lastKnownFileType = sourcecode.cpp.cpp; path = AbsoluteMap.cpp; sourceTree = "<group>"; };
		C260904025C5D8D300647596 /* AbsoluteMap.h */ = {isa = PBXFileReference; lastKnownFileType = sourcecode.c.h; path = AbsoluteMap.h; sourceTree = "<group>"; };
		C260904425C5DB8B00647596 /* Wall.cpp */ = {isa = PBXFileReference; lastKnownFileType = sourcecode.cpp.cpp; path = Wall.cpp; sourceTree = "<group>"; };
		C260904525C5DB8B00647596 /* Wall.h */ = {isa = PBXFileReference; lastKnownFileType = sourcecode.c.h; path = Wall.h; sourceTree = "<group>"; };
		C26A3ED425C7BDF300D6546B /* TransformedMap.cpp */ = {isa = PBXFileReference; lastKnownFileType = sourcecode.cpp.cpp; path = TransformedMap.cpp; sourceTree = "<group>"; };
		C26A3ED525C7BDF300D6546B /* TransformedMap.h */ = {isa = PBXFileReference; lastKnownFileType = sourcecode.c.h; path = TransformedMap.h; sourceTree = "<group>"; };
		C291D9D3260D890F0019872B /* MapSprite.cpp */ = {isa = PBXFileReference; lastKnownFileType = sourcecode.cpp.cpp; path = MapSprite.cpp; sourceTree = "<group>"; };
		C291D9D4260D890F0019872B /* MapSprite.h */ = {isa = PBXFileReference; lastKnownFileType = sourcecode.c.h; path = MapSprite.h; sourceTree = "<group>"; };
		C2ADA51C263A3C0A006496CF /* Graphics.h */ = {isa = PBXFileReference; lastKnownFileType = sourcecode.c.h; path = Graphics.h; sourceTree = "<group>"; };
		C2ADA51E263A3E08006496CF /* RenderGraphics.cpp */ = {isa = PBXFileReference; lastKnownFileType = sourcecode.cpp.cpp; path = RenderGraphics.cpp; sourceTree = "<group>"; };
		C2ADA51F263A3E08006496CF /* RenderGraphics.h */ = {isa = PBXFileReference; lastKnownFileType = sourcecode.c.h; path = RenderGraphics.h; sourceTree = "<group>"; };
		C2B16CF8263A4F7C00F7BFFB /* include */ = {isa = PBXFileReference; lastKnownFileType = folder; path = include; sourceTree = "<group>"; };
		C2B16D22263A518900F7BFFB /* libImGUISDL.dylib */ = {isa = PBXFileReference; lastKnownFileType = "compiled.mach-o.dylib"; name = libImGUISDL.dylib; path = BSPAlgorithm/Libraries/ImGUISDL/libImGUISDL.dylib; sourceTree = "<group>"; };
		C2CA869C25D3979500264EA4 /* Sector.cpp */ = {isa = PBXFileReference; lastKnownFileType = sourcecode.cpp.cpp; path = Sector.cpp; sourceTree = "<group>"; };
		C2CA869D25D3979500264EA4 /* Sector.h */ = {isa = PBXFileReference; lastKnownFileType = sourcecode.c.h; path = Sector.h; sourceTree = "<group>"; };
		C2CABE3025CBB0AE00DA1B6A /* PerspectiveTransformedMap.cpp */ = {isa = PBXFileReference; lastKnownFileType = sourcecode.cpp.cpp; path = PerspectiveTransformedMap.cpp; sourceTree = "<group>"; };
		C2CABE3125CBB0AE00DA1B6A /* PerspectiveTransformedMap.h */ = {isa = PBXFileReference; lastKnownFileType = sourcecode.c.h; path = PerspectiveTransformedMap.h; sourceTree = "<group>"; };
		C2DDB0E125BCF45400BB5E41 /* BSPAlgorithm */ = {isa = PBXFileReference; explicitFileType = "compiled.mach-o.executable"; includeInIndex = 0; path = BSPAlgorithm; sourceTree = BUILT_PRODUCTS_DIR; };
		C2DDB0E425BCF45400BB5E41 /* main.cpp */ = {isa = PBXFileReference; lastKnownFileType = sourcecode.cpp.cpp; path = main.cpp; sourceTree = "<group>"; };
		C2DDB0EC25BCF45B00BB5E41 /* BSPAlgorithm.entitlements */ = {isa = PBXFileReference; lastKnownFileType = text.plist.entitlements; path = BSPAlgorithm.entitlements; sourceTree = "<group>"; };
		C2DDB0EF25BCF62B00BB5E41 /* SDL2.framework */ = {isa = PBXFileReference; lastKnownFileType = wrapper.framework; name = SDL2.framework; path = ../../../../Library/Frameworks/SDL2.framework; sourceTree = "<group>"; };
		C2DDB0F525BCF83700BB5E41 /* Window.cpp */ = {isa = PBXFileReference; lastKnownFileType = sourcecode.cpp.cpp; path = Window.cpp; sourceTree = "<group>"; };
		C2DDB0F625BCF83700BB5E41 /* Window.h */ = {isa = PBXFileReference; lastKnownFileType = sourcecode.c.h; path = Window.h; sourceTree = "<group>"; };
		C2DDB0FB25BCFB7100BB5E41 /* Structs.h */ = {isa = PBXFileReference; lastKnownFileType = sourcecode.c.h; path = Structs.h; sourceTree = "<group>"; };
		C2DDB0FC25BCFC5B00BB5E41 /* Color.cpp */ = {isa = PBXFileReference; lastKnownFileType = sourcecode.cpp.cpp; path = Color.cpp; sourceTree = "<group>"; };
		C2DDB10325BD0A5400BB5E41 /* SurfaceGraphics.cpp */ = {isa = PBXFileReference; lastKnownFileType = sourcecode.cpp.cpp; path = SurfaceGraphics.cpp; sourceTree = "<group>"; };
		C2DDB10425BD0A5400BB5E41 /* SurfaceGraphics.h */ = {isa = PBXFileReference; lastKnownFileType = sourcecode.c.h; path = SurfaceGraphics.h; sourceTree = "<group>"; };
		C2EB2B61263CD38100CEDE89 /* PollingGameLoop.cpp */ = {isa = PBXFileReference; lastKnownFileType = sourcecode.cpp.cpp; path = PollingGameLoop.cpp; sourceTree = "<group>"; };
		C2EB2B62263CD38100CEDE89 /* PollingGameLoop.h */ = {isa = PBXFileReference; lastKnownFileType = sourcecode.c.h; path = PollingGameLoop.h; sourceTree = "<group>"; };
		C2FE96AE25D23BFA0026F309 /* Loader.cpp */ = {isa = PBXFileReference; lastKnownFileType = sourcecode.cpp.cpp; path = Loader.cpp; sourceTree = "<group>"; };
		C2FE96AF25D23BFA0026F309 /* Loader.h */ = {isa = PBXFileReference; lastKnownFileType = sourcecode.c.h; path = Loader.h; sourceTree = "<group>"; };
		C2FE96B325D23C1E0026F309 /* map-clear.txt */ = {isa = PBXFileReference; lastKnownFileType = text; path = "map-clear.txt"; sourceTree = "<group>"; };
		C2FE96BA25D249590026F309 /* Vector.cpp */ = {isa = PBXFileReference; lastKnownFileType = sourcecode.cpp.cpp; path = Vector.cpp; sourceTree = "<group>"; };
		C2FE96BB25D249590026F309 /* Vector.h */ = {isa = PBXFileReference; lastKnownFileType = sourcecode.c.h; path = Vector.h; sourceTree = "<group>"; };
/* End PBXFileReference section */

/* Begin PBXFrameworksBuildPhase section */
		C2DDB0DE25BCF45400BB5E41 /* Frameworks */ = {
			isa = PBXFrameworksBuildPhase;
			buildActionMask = 2147483647;
			files = (
				C2B16D23263A518900F7BFFB /* libImGUISDL.dylib in Frameworks */,
				C2DDB0F025BCF62B00BB5E41 /* SDL2.framework in Frameworks */,
			);
			runOnlyForDeploymentPostprocessing = 0;
		};
/* End PBXFrameworksBuildPhase section */

/* Begin PBXGroup section */
		C2596625268D666100BD03C1 /* Utils */ = {
			isa = PBXGroup;
			children = (
				C2596627268D666E00BD03C1 /* CQueue.h */,
			);
			path = Utils;
			sourceTree = "<group>";
		};
		C260903325C5D18300647596 /* Test */ = {
			isa = PBXGroup;
			children = (
				C260904025C5D8D300647596 /* AbsoluteMap.h */,
				C260903F25C5D8D300647596 /* AbsoluteMap.cpp */,
				C260903525C5D1E700647596 /* Boundaries.h */,
				C260903425C5D1E700647596 /* Boundaries.cpp */,
				C2CABE3125CBB0AE00DA1B6A /* PerspectiveTransformedMap.h */,
				C2CABE3025CBB0AE00DA1B6A /* PerspectiveTransformedMap.cpp */,
				C260903B25C5D54A00647596 /* Player.h */,
				C260903A25C5D54A00647596 /* Player.cpp */,
				C26A3ED525C7BDF300D6546B /* TransformedMap.h */,
				C26A3ED425C7BDF300D6546B /* TransformedMap.cpp */,
				C260904525C5DB8B00647596 /* Wall.h */,
				C260904425C5DB8B00647596 /* Wall.cpp */,
			);
			path = Test;
			sourceTree = "<group>";
		};
		C2B16CF9263A4F8900F7BFFB /* ThirdParties */ = {
			isa = PBXGroup;
			children = (
				C2B16CFA263A4F9300F7BFFB /* ImGUISDL */,
			);
			name = ThirdParties;
			sourceTree = "<group>";
		};
		C2B16CFA263A4F9300F7BFFB /* ImGUISDL */ = {
			isa = PBXGroup;
			children = (
				C2B16CF8263A4F7C00F7BFFB /* include */,
			);
			path = ImGUISDL;
			sourceTree = "<group>";
		};
		C2DDB0D825BCF45400BB5E41 = {
			isa = PBXGroup;
			children = (
				C2DDB0E325BCF45400BB5E41 /* BSPAlgorithm */,
				C2DDB0E225BCF45400BB5E41 /* Products */,
				C2DDB0EE25BCF62B00BB5E41 /* Frameworks */,
			);
			sourceTree = "<group>";
		};
		C2DDB0E225BCF45400BB5E41 /* Products */ = {
			isa = PBXGroup;
			children = (
				C2DDB0E125BCF45400BB5E41 /* BSPAlgorithm */,
			);
			name = Products;
			sourceTree = "<group>";
		};
		C2DDB0E325BCF45400BB5E41 /* BSPAlgorithm */ = {
			isa = PBXGroup;
			children = (
				C2596625268D666100BD03C1 /* Utils */,
				C2B16CF9263A4F8900F7BFFB /* ThirdParties */,
				C2FE96AD25D23BD00026F309 /* BSP */,
				C2DDB0F225BCF7E100BB5E41 /* Classes */,
				C260903325C5D18300647596 /* Test */,
				C2DDB0EC25BCF45B00BB5E41 /* BSPAlgorithm.entitlements */,
				C2DDB0E425BCF45400BB5E41 /* main.cpp */,
				C2FE96B325D23C1E0026F309 /* map-clear.txt */,
			);
			path = BSPAlgorithm;
			sourceTree = "<group>";
		};
		C2DDB0EE25BCF62B00BB5E41 /* Frameworks */ = {
			isa = PBXGroup;
			children = (
				C2B16D22263A518900F7BFFB /* libImGUISDL.dylib */,
				C2DDB0EF25BCF62B00BB5E41 /* SDL2.framework */,
			);
			name = Frameworks;
			sourceTree = "<group>";
		};
		C2DDB0F225BCF7E100BB5E41 /* Classes */ = {
			isa = PBXGroup;
			children = (
				C2DDB0FC25BCFC5B00BB5E41 /* Color.cpp */,
				C2189230263CCE5700705209 /* GameLoop.h */,
				C2ADA51C263A3C0A006496CF /* Graphics.h */,
				C22D12EB25C2648D00DA268C /* Keyboard.h */,
				C22D12ED25C2656000DA268C /* Mouse.h */,
				C2EB2B62263CD38100CEDE89 /* PollingGameLoop.h */,
				C2EB2B61263CD38100CEDE89 /* PollingGameLoop.cpp */,
				C2ADA51F263A3E08006496CF /* RenderGraphics.h */,
				C2ADA51E263A3E08006496CF /* RenderGraphics.cpp */,
				C22D12EF25C265A800DA268C /* Sprite.h */,
				C2DDB0FB25BCFB7100BB5E41 /* Structs.h */,
				C2DDB10425BD0A5400BB5E41 /* SurfaceGraphics.h */,
				C2DDB10325BD0A5400BB5E41 /* SurfaceGraphics.cpp */,
				C2DDB0F625BCF83700BB5E41 /* Window.h */,
				C2DDB0F525BCF83700BB5E41 /* Window.cpp */,
				C20B167F263B7CFC00CA48D7 /* UI.h */,
				C20B167E263B7CFC00CA48D7 /* UI.cpp */,
				C22A113425BFCA9700113500 /* UserInputGameLoop.h */,
				C22A113325BFCA9700113500 /* UserInputGameLoop.cpp */,
			);
			path = Classes;
			sourceTree = "<group>";
		};
		C2FE96AD25D23BD00026F309 /* BSP */ = {
			isa = PBXGroup;
			children = (
				C24B678D25D4E1390021737F /* Constants.h */,
				C2FE96AF25D23BFA0026F309 /* Loader.h */,
				C2FE96AE25D23BFA0026F309 /* Loader.cpp */,
				C291D9D4260D890F0019872B /* MapSprite.h */,
				C291D9D3260D890F0019872B /* MapSprite.cpp */,
				C24B678F25D4E4B60021737F /* Math.h */,
				C236EAAF25D252B700ADFCDE /* Player.h */,
				C236EAAE25D252B700ADFCDE /* Player.cpp */,
				C2CA869D25D3979500264EA4 /* Sector.h */,
				C2CA869C25D3979500264EA4 /* Sector.cpp */,
				C2FE96BB25D249590026F309 /* Vector.h */,
				C2FE96BA25D249590026F309 /* Vector.cpp */,
			);
			path = BSP;
			sourceTree = "<group>";
		};
/* End PBXGroup section */

/* Begin PBXNativeTarget section */
		C2DDB0E025BCF45400BB5E41 /* BSPAlgorithm */ = {
			isa = PBXNativeTarget;
			buildConfigurationList = C2DDB0E825BCF45400BB5E41 /* Build configuration list for PBXNativeTarget "BSPAlgorithm" */;
			buildPhases = (
				C2DDB0DD25BCF45400BB5E41 /* Sources */,
				C2DDB0DE25BCF45400BB5E41 /* Frameworks */,
				C2DDB0DF25BCF45400BB5E41 /* CopyFiles */,
				C20B1677263B781F00CA48D7 /* CopyFiles */,
			);
			buildRules = (
			);
			dependencies = (
			);
			name = BSPAlgorithm;
			productName = BSPAlgorithm;
			productReference = C2DDB0E125BCF45400BB5E41 /* BSPAlgorithm */;
			productType = "com.apple.product-type.tool";
		};
/* End PBXNativeTarget section */

/* Begin PBXProject section */
		C2DDB0D925BCF45400BB5E41 /* Project object */ = {
			isa = PBXProject;
			attributes = {
				LastUpgradeCheck = 1230;
				TargetAttributes = {
					C2DDB0E025BCF45400BB5E41 = {
						CreatedOnToolsVersion = 12.3;
					};
				};
			};
			buildConfigurationList = C2DDB0DC25BCF45400BB5E41 /* Build configuration list for PBXProject "BSPAlgorithm" */;
			compatibilityVersion = "Xcode 9.3";
			developmentRegion = en;
			hasScannedForEncodings = 0;
			knownRegions = (
				en,
				Base,
			);
			mainGroup = C2DDB0D825BCF45400BB5E41;
			productRefGroup = C2DDB0E225BCF45400BB5E41 /* Products */;
			projectDirPath = "";
			projectRoot = "";
			targets = (
				C2DDB0E025BCF45400BB5E41 /* BSPAlgorithm */,
			);
		};
/* End PBXProject section */

/* Begin PBXSourcesBuildPhase section */
		C2DDB0DD25BCF45400BB5E41 /* Sources */ = {
			isa = PBXSourcesBuildPhase;
			buildActionMask = 2147483647;
			files = (
				C260904625C5DB8B00647596 /* Wall.cpp in Sources */,
				C2DDB0E525BCF45400BB5E41 /* main.cpp in Sources */,
				C26A3ED625C7BDF300D6546B /* TransformedMap.cpp in Sources */,
				C291D9D5260D890F0019872B /* MapSprite.cpp in Sources */,
				C2CA869E25D3979500264EA4 /* Sector.cpp in Sources */,
				C2CABE3225CBB0AE00DA1B6A /* PerspectiveTransformedMap.cpp in Sources */,
				C260903C25C5D54A00647596 /* Player.cpp in Sources */,
				C2EB2B63263CD38100CEDE89 /* PollingGameLoop.cpp in Sources */,
				C20B1680263B7CFC00CA48D7 /* UI.cpp in Sources */,
				C2DDB0FD25BCFC5B00BB5E41 /* Color.cpp in Sources */,
				C22A113525BFCA9700113500 /* UserInputGameLoop.cpp in Sources */,
				C260903625C5D1E700647596 /* Boundaries.cpp in Sources */,
				C236EAB025D252B700ADFCDE /* Player.cpp in Sources */,
				C2FE96BC25D249590026F309 /* Vector.cpp in Sources */,
				C260904125C5D8D300647596 /* AbsoluteMap.cpp in Sources */,
				C2DDB10525BD0A5400BB5E41 /* SurfaceGraphics.cpp in Sources */,
				C2FE96B025D23BFA0026F309 /* Loader.cpp in Sources */,
				C2ADA520263A3E08006496CF /* RenderGraphics.cpp in Sources */,
				C2DDB0F725BCF83700BB5E41 /* Window.cpp in Sources */,
			);
			runOnlyForDeploymentPostprocessing = 0;
		};
/* End PBXSourcesBuildPhase section */

/* Begin XCBuildConfiguration section */
		C2DDB0E625BCF45400BB5E41 /* Debug */ = {
			isa = XCBuildConfiguration;
			buildSettings = {
				ALWAYS_SEARCH_USER_PATHS = NO;
				CLANG_ANALYZER_NONNULL = YES;
				CLANG_ANALYZER_NUMBER_OBJECT_CONVERSION = YES_AGGRESSIVE;
				CLANG_CXX_LANGUAGE_STANDARD = "gnu++14";
				CLANG_CXX_LIBRARY = "libc++";
				CLANG_ENABLE_MODULES = YES;
				CLANG_ENABLE_OBJC_ARC = YES;
				CLANG_ENABLE_OBJC_WEAK = YES;
				CLANG_WARN_BLOCK_CAPTURE_AUTORELEASING = YES;
				CLANG_WARN_BOOL_CONVERSION = YES;
				CLANG_WARN_COMMA = YES;
				CLANG_WARN_CONSTANT_CONVERSION = YES;
				CLANG_WARN_DEPRECATED_OBJC_IMPLEMENTATIONS = YES;
				CLANG_WARN_DIRECT_OBJC_ISA_USAGE = YES_ERROR;
				CLANG_WARN_DOCUMENTATION_COMMENTS = YES;
				CLANG_WARN_EMPTY_BODY = YES;
				CLANG_WARN_ENUM_CONVERSION = YES;
				CLANG_WARN_INFINITE_RECURSION = YES;
				CLANG_WARN_INT_CONVERSION = YES;
				CLANG_WARN_NON_LITERAL_NULL_CONVERSION = YES;
				CLANG_WARN_OBJC_IMPLICIT_RETAIN_SELF = YES;
				CLANG_WARN_OBJC_LITERAL_CONVERSION = YES;
				CLANG_WARN_OBJC_ROOT_CLASS = YES_ERROR;
				CLANG_WARN_QUOTED_INCLUDE_IN_FRAMEWORK_HEADER = YES;
				CLANG_WARN_RANGE_LOOP_ANALYSIS = YES;
				CLANG_WARN_STRICT_PROTOTYPES = YES;
				CLANG_WARN_SUSPICIOUS_MOVE = YES;
				CLANG_WARN_UNGUARDED_AVAILABILITY = YES_AGGRESSIVE;
				CLANG_WARN_UNREACHABLE_CODE = YES;
				CLANG_WARN__DUPLICATE_METHOD_MATCH = YES;
				COPY_PHASE_STRIP = NO;
				DEBUG_INFORMATION_FORMAT = dwarf;
				ENABLE_STRICT_OBJC_MSGSEND = YES;
				ENABLE_TESTABILITY = YES;
				GCC_C_LANGUAGE_STANDARD = gnu11;
				GCC_DYNAMIC_NO_PIC = NO;
				GCC_NO_COMMON_BLOCKS = YES;
				GCC_OPTIMIZATION_LEVEL = 0;
				GCC_PREPROCESSOR_DEFINITIONS = (
					"DEBUG=1",
					"$(inherited)",
				);
				GCC_WARN_64_TO_32_BIT_CONVERSION = YES;
				GCC_WARN_ABOUT_RETURN_TYPE = YES_ERROR;
				GCC_WARN_UNDECLARED_SELECTOR = YES;
				GCC_WARN_UNINITIALIZED_AUTOS = YES_AGGRESSIVE;
				GCC_WARN_UNUSED_FUNCTION = YES;
				GCC_WARN_UNUSED_VARIABLE = YES;
				MACOSX_DEPLOYMENT_TARGET = 11.1;
				MTL_ENABLE_DEBUG_INFO = INCLUDE_SOURCE;
				MTL_FAST_MATH = YES;
				ONLY_ACTIVE_ARCH = YES;
				SDKROOT = macosx;
			};
			name = Debug;
		};
		C2DDB0E725BCF45400BB5E41 /* Release */ = {
			isa = XCBuildConfiguration;
			buildSettings = {
				ALWAYS_SEARCH_USER_PATHS = NO;
				CLANG_ANALYZER_NONNULL = YES;
				CLANG_ANALYZER_NUMBER_OBJECT_CONVERSION = YES_AGGRESSIVE;
				CLANG_CXX_LANGUAGE_STANDARD = "gnu++14";
				CLANG_CXX_LIBRARY = "libc++";
				CLANG_ENABLE_MODULES = YES;
				CLANG_ENABLE_OBJC_ARC = YES;
				CLANG_ENABLE_OBJC_WEAK = YES;
				CLANG_WARN_BLOCK_CAPTURE_AUTORELEASING = YES;
				CLANG_WARN_BOOL_CONVERSION = YES;
				CLANG_WARN_COMMA = YES;
				CLANG_WARN_CONSTANT_CONVERSION = YES;
				CLANG_WARN_DEPRECATED_OBJC_IMPLEMENTATIONS = YES;
				CLANG_WARN_DIRECT_OBJC_ISA_USAGE = YES_ERROR;
				CLANG_WARN_DOCUMENTATION_COMMENTS = YES;
				CLANG_WARN_EMPTY_BODY = YES;
				CLANG_WARN_ENUM_CONVERSION = YES;
				CLANG_WARN_INFINITE_RECURSION = YES;
				CLANG_WARN_INT_CONVERSION = YES;
				CLANG_WARN_NON_LITERAL_NULL_CONVERSION = YES;
				CLANG_WARN_OBJC_IMPLICIT_RETAIN_SELF = YES;
				CLANG_WARN_OBJC_LITERAL_CONVERSION = YES;
				CLANG_WARN_OBJC_ROOT_CLASS = YES_ERROR;
				CLANG_WARN_QUOTED_INCLUDE_IN_FRAMEWORK_HEADER = YES;
				CLANG_WARN_RANGE_LOOP_ANALYSIS = YES;
				CLANG_WARN_STRICT_PROTOTYPES = YES;
				CLANG_WARN_SUSPICIOUS_MOVE = YES;
				CLANG_WARN_UNGUARDED_AVAILABILITY = YES_AGGRESSIVE;
				CLANG_WARN_UNREACHABLE_CODE = YES;
				CLANG_WARN__DUPLICATE_METHOD_MATCH = YES;
				COPY_PHASE_STRIP = NO;
				DEBUG_INFORMATION_FORMAT = "dwarf-with-dsym";
				ENABLE_NS_ASSERTIONS = NO;
				ENABLE_STRICT_OBJC_MSGSEND = YES;
				GCC_C_LANGUAGE_STANDARD = gnu11;
				GCC_NO_COMMON_BLOCKS = YES;
				GCC_WARN_64_TO_32_BIT_CONVERSION = YES;
				GCC_WARN_ABOUT_RETURN_TYPE = YES_ERROR;
				GCC_WARN_UNDECLARED_SELECTOR = YES;
				GCC_WARN_UNINITIALIZED_AUTOS = YES_AGGRESSIVE;
				GCC_WARN_UNUSED_FUNCTION = YES;
				GCC_WARN_UNUSED_VARIABLE = YES;
				MACOSX_DEPLOYMENT_TARGET = 11.1;
				MTL_ENABLE_DEBUG_INFO = NO;
				MTL_FAST_MATH = YES;
				SDKROOT = macosx;
			};
			name = Release;
		};
		C2DDB0E925BCF45400BB5E41 /* Debug */ = {
			isa = XCBuildConfiguration;
			buildSettings = {
				ALWAYS_SEARCH_USER_PATHS = NO;
				CODE_SIGN_ENTITLEMENTS = BSPAlgorithm/BSPAlgorithm.entitlements;
				CODE_SIGN_STYLE = Automatic;
				DEVELOPMENT_TEAM = F647UR2ZKE;
				ENABLE_HARDENED_RUNTIME = YES;
				FRAMEWORK_SEARCH_PATHS = "$(LOCAL_LIBRARY_DIR)/Frameworks";
				LD_RUNPATH_SEARCH_PATHS = /Users/werewolf2188/Proyectos/BSPAlgorithm/BSPAlgorithm/Libraries/ImGUISDL;
				LIBRARY_SEARCH_PATHS = (
					"$(inherited)",
					"$(PROJECT_DIR)/BSPAlgorithm/Libraries/ImGUISDL",
				);
				OTHER_LDFLAGS = "";
				PRODUCT_NAME = "$(TARGET_NAME)";
			};
			name = Debug;
		};
		C2DDB0EA25BCF45400BB5E41 /* Release */ = {
			isa = XCBuildConfiguration;
			buildSettings = {
				ALWAYS_SEARCH_USER_PATHS = NO;
				CODE_SIGN_ENTITLEMENTS = BSPAlgorithm/BSPAlgorithm.entitlements;
				CODE_SIGN_STYLE = Automatic;
				DEVELOPMENT_TEAM = F647UR2ZKE;
				ENABLE_HARDENED_RUNTIME = YES;
				FRAMEWORK_SEARCH_PATHS = "$(LOCAL_LIBRARY_DIR)/Frameworks";
				LD_RUNPATH_SEARCH_PATHS = /Users/werewolf2188/Proyectos/BSPAlgorithm/BSPAlgorithm/Libraries/ImGUISDL;
				LIBRARY_SEARCH_PATHS = (
					"$(inherited)",
					"$(PROJECT_DIR)/BSPAlgorithm/Libraries/ImGUISDL",
				);
				OTHER_LDFLAGS = "";
				PRODUCT_NAME = "$(TARGET_NAME)";
			};
			name = Release;
		};
/* End XCBuildConfiguration section */

/* Begin XCConfigurationList section */
		C2DDB0DC25BCF45400BB5E41 /* Build configuration list for PBXProject "BSPAlgorithm" */ = {
			isa = XCConfigurationList;
			buildConfigurations = (
				C2DDB0E625BCF45400BB5E41 /* Debug */,
				C2DDB0E725BCF45400BB5E41 /* Release */,
			);
			defaultConfigurationIsVisible = 0;
			defaultConfigurationName = Release;
		};
		C2DDB0E825BCF45400BB5E41 /* Build configuration list for PBXNativeTarget "BSPAlgorithm" */ = {
			isa = XCConfigurationList;
			buildConfigurations = (
				C2DDB0E925BCF45400BB5E41 /* Debug */,
				C2DDB0EA25BCF45400BB5E41 /* Release */,
			);
			defaultConfigurationIsVisible = 0;
			defaultConfigurationName = Release;
		};
/* End XCConfigurationList section */
	};
	rootObject = C2DDB0D925BCF45400BB5E41 /* Project object */;
}
