<?xml version="1.0" encoding="utf-8"?>
<Project ToolsVersion="4.0" xmlns="http://schemas.microsoft.com/developer/msbuild/2003">
  <ItemGroup>
    <Filter Include="Source Files">
      <UniqueIdentifier>{4FC737F1-C7A5-4376-A066-2A32D752A2FF}</UniqueIdentifier>
      <Extensions>cpp;c;cc;cxx;def;odl;idl;hpj;bat;asm;asmx</Extensions>
    </Filter>
    <Filter Include="Header Files">
      <UniqueIdentifier>{93995380-89BD-4b04-88EB-625FBE52EBFB}</UniqueIdentifier>
      <Extensions>h;hh;hpp;hxx;hm;inl;inc;xsd</Extensions>
    </Filter>
    <Filter Include="Resource Files">
      <UniqueIdentifier>{67DA6AB6-F800-4c08-8B7A-83BB121AAD01}</UniqueIdentifier>
      <Extensions>rc;ico;cur;bmp;dlg;rc2;rct;bin;rgs;gif;jpg;jpeg;jpe;resx;tiff;tif;png;wav</Extensions>
    </Filter>
  </ItemGroup>
  <ItemGroup>
    <ClCompile Include="main.cpp">
      <Filter>Source Files</Filter>
    </ClCompile>
    <ClCompile Include="bsp\Loader.cpp">
      <Filter>Source Files</Filter>
    </ClCompile>
    <ClCompile Include="bsp\MapSprite.cpp">
      <Filter>Source Files</Filter>
    </ClCompile>
    <ClCompile Include="bsp\Player.cpp">
      <Filter>Source Files</Filter>
    </ClCompile>
    <ClCompile Include="bsp\Sector.cpp">
      <Filter>Source Files</Filter>
    </ClCompile>
    <ClCompile Include="bsp\Vector.cpp">
      <Filter>Source Files</Filter>
    </ClCompile>
    <ClCompile Include="classes\Color.cpp">
      <Filter>Source Files</Filter>
    </ClCompile>
    <ClCompile Include="classes\PollingGameLoop.cpp">
      <Filter>Source Files</Filter>
    </ClCompile>
    <ClCompile Include="classes\RenderGraphics.cpp">
      <Filter>Source Files</Filter>
    </ClCompile>
    <ClCompile Include="classes\SurfaceGraphics.cpp">
      <Filter>Source Files</Filter>
    </ClCompile>
    <ClCompile Include="classes\UI.cpp">
      <Filter>Source Files</Filter>
    </ClCompile>
    <ClCompile Include="classes\UserInputGameLoop.cpp">
      <Filter>Source Files</Filter>
    </ClCompile>
    <ClCompile Include="classes\Window.cpp">
      <Filter>Source Files</Filter>
    </ClCompile>
    <ClCompile Include="test\AbsoluteMap.cpp">
      <Filter>Source Files</Filter>
    </ClCompile>
    <ClCompile Include="test\Boundaries.cpp">
      <Filter>Source Files</Filter>
    </ClCompile>
    <ClCompile Include="test\PerspectiveTransformedMap.cpp">
      <Filter>Source Files</Filter>
    </ClCompile>
    <ClCompile Include="test\Player.cpp">
      <Filter>Source Files</Filter>
    </ClCompile>
    <ClCompile Include="test\TransformedMap.cpp">
      <Filter>Source Files</Filter>
    </ClCompile>
    <ClCompile Include="test\Wall.cpp">
      <Filter>Source Files</Filter>
    </ClCompile>
  </ItemGroup>
  <ItemGroup>
    <ClInclude Include="bsp\Constants.h">
      <Filter>Header Files</Filter>
    </ClInclude>
    <ClInclude Include="bsp\Loader.h">
      <Filter>Header Files</Filter>
    </ClInclude>
    <ClInclude Include="bsp\MapSprite.h">
      <Filter>Header Files</Filter>
    </ClInclude>
    <ClInclude Include="bsp\BSPMath.h">
      <Filter>Header Files</Filter>
    </ClInclude>
    <ClInclude Include="bsp\Player.h">
      <Filter>Header Files</Filter>
    </ClInclude>
    <ClInclude Include="bsp\Sector.h">
      <Filter>Header Files</Filter>
    </ClInclude>
    <ClInclude Include="bsp\Vector.h">
      <Filter>Header Files</Filter>
    </ClInclude>
    <ClInclude Include="classes\GameLoop.h">
      <Filter>Header Files</Filter>
    </ClInclude>
    <ClInclude Include="classes\Graphics.h">
      <Filter>Header Files</Filter>
    </ClInclude>
    <ClInclude Include="classes\Keyboard.h">
      <Filter>Header Files</Filter>
    </ClInclude>
    <ClInclude Include="classes\Mouse.h">
      <Filter>Header Files</Filter>
    </ClInclude>
    <ClInclude Include="classes\PollingGameLoop.h">
      <Filter>Header Files</Filter>
    </ClInclude>
    <ClInclude Include="classes\RenderGraphics.h">
      <Filter>Header Files</Filter>
    </ClInclude>
    <ClInclude Include="classes\Sprite.h">
      <Filter>Header Files</Filter>
    </ClInclude>
    <ClInclude Include="classes\Structs.h">
      <Filter>Header Files</Filter>
    </ClInclude>
    <ClInclude Include="classes\SurfaceGraphics.h">
      <Filter>Header Files</Filter>
    </ClInclude>
    <ClInclude Include="classes\UI.h">
      <Filter>Header Files</Filter>
    </ClInclude>
    <ClInclude Include="classes\UserInputGameLoop.h">
      <Filter>Header Files</Filter>
    </ClInclude>
    <ClInclude Include="classes\Window.h">
      <Filter>Header Files</Filter>
    </ClInclude>
    <ClInclude Include="imguisdl\include\imconfig.h">
      <Filter>Header Files</Filter>
    </ClInclude>
    <ClInclude Include="imguisdl\include\imgui.h">
      <Filter>Header Files</Filter>
    </ClInclude>
    <ClInclude Include="imguisdl\include\imgui_internal.h">
      <Filter>Header Files</Filter>
    </ClInclude>
    <ClInclude Include="imguisdl\include\imgui_sdl.h">
      <Filter>Header Files</Filter>
    </ClInclude>
    <ClInclude Include="imguisdl\include\imgui_single_file.h">
      <Filter>Header Files</Filter>
    </ClInclude>
    <ClInclude Include="imguisdl\include\imgui_stdlib.h">
      <Filter>Header Files</Filter>
    </ClInclude>
    <ClInclude Include="imguisdl\include\imstb_rectpack.h">
      <Filter>Header Files</Filter>
    </ClInclude>
    <ClInclude Include="imguisdl\include\imstb_textedit.h">
      <Filter>Header Files</Filter>
    </ClInclude>
    <ClInclude Include="imguisdl\include\imstb_truetype.h">
      <Filter>Header Files</Filter>
    </ClInclude>
    <ClInclude Include="test\AbsoluteMap.h">
      <Filter>Header Files</Filter>
    </ClInclude>
    <ClInclude Include="test\Boundaries.h">
      <Filter>Header Files</Filter>
    </ClInclude>
    <ClInclude Include="test\PerspectiveTransformedMap.h">
      <Filter>Header Files</Filter>
    </ClInclude>
    <ClInclude Include="test\Player.h">
      <Filter>Header Files</Filter>
    </ClInclude>
    <ClInclude Include="test\TransformedMap.h">
      <Filter>Header Files</Filter>
    </ClInclude>
    <ClInclude Include="test\Wall.h">
      <Filter>Header Files</Filter>
    </ClInclude>
    <ClInclude Include="utils\CQueue.h">
      <Filter>Header Files</Filter>
    </ClInclude>
    <ClInclude Include="ImGUISDL\include\imgui_impl_sdl.h">
      <Filter>Header Files</Filter>
    </ClInclude>
    <ClInclude Include="ImGUISDL\include\imgui_impl_sdlrenderer.h">
      <Filter>Header Files</Filter>
    </ClInclude>
  </ItemGroup>
</Project>